
Microsoft Visual Studio Solution File, Format Version 12.00
# Visual Studio Version 17
VisualStudioVersion = 17.0.31903.59
MinimumVisualStudioVersion = 10.0.40219.1
Project("{FAE04EC0-301F-11D3-BF4B-00C04F79EFBC}") = "Application", "Application\Application.csproj", "{FA3BE2EA-5E4A-4B37-932F-41782964A150}"
EndProject
Project("{FAE04EC0-301F-11D3-BF4B-00C04F79EFBC}") = "Domain", "Domain\Domain.csproj", "{5F792703-1ADA-41DF-9F38-8E1CFB166188}"
EndProject
Project("{FAE04EC0-301F-11D3-BF4B-00C04F79EFBC}") = "Domain.Tests", "Domain.Tests\Domain.Tests.csproj", "{4799B75A-FA21-4C01-B737-8F4CD93944FF}"
EndProject
Project("{2150E333-8FDC-42A3-9474-1A3956D46DE8}") = "Common", "Common", "{0B0B50DC-59A5-4BED-98F9-FE4C47C32D4D}"
EndProject
Project("{FAE04EC0-301F-11D3-BF4B-00C04F79EFBC}") = "Common.Domain", "Common\Common.Domain\Common.Domain.csproj", "{D92B3E88-199D-49F7-8B06-035E084DABC6}"
EndProject
Project("{FAE04EC0-301F-11D3-BF4B-00C04F79EFBC}") = "Common.Domain.Tests", "Common\Common.Domain.Tests\Common.Domain.Tests.csproj", "{FC88725B-59F0-4908-B850-9EFC12CCE196}"
EndProject
Project("{FAE04EC0-301F-11D3-BF4B-00C04F79EFBC}") = "Common.Application.Tests", "Common\Common.Application.Tests\Common.Application.Tests.csproj", "{9A425925-ACD2-419D-8B90-12E901547C57}"
EndProject
Project("{FAE04EC0-301F-11D3-BF4B-00C04F79EFBC}") = "Common.Application", "Common\Common.Application\Common.Application.csproj", "{056DAD10-6EAE-4FA8-8ABE-FCDD7B7F05A8}"
EndProject
Project("{FAE04EC0-301F-11D3-BF4B-00C04F79EFBC}") = "Common.Interface.Data", "Common\Common.Interface.Data\Common.Interface.Data.csproj", "{C738EF3C-0CAC-4018-BFCC-C7746DC38182}"
EndProject
Project("{FAE04EC0-301F-11D3-BF4B-00C04F79EFBC}") = "Common.Interface.Data.Tests", "Common\Common.Interface.Data.Tests\Common.Interface.Data.Tests.csproj", "{3E44C907-AF26-4275-9ED4-75C1CAF83FDD}"
EndProject
Project("{FAE04EC0-301F-11D3-BF4B-00C04F79EFBC}") = "Common.Interface.Api.Tests", "Common\Common.Interface.Api.Tests\Common.Interface.Api.Tests.csproj", "{DDFF8B71-75FA-44E3-A4CA-284E49F56AEF}"
EndProject
Project("{FAE04EC0-301F-11D3-BF4B-00C04F79EFBC}") = "Common.Interface.Api", "Common\Common.Interface.Api\Common.Interface.Api.csproj", "{9F170F15-341A-4C1F-8AC8-9BC06CF2F706}"
EndProject
Global
	GlobalSection(SolutionConfigurationPlatforms) = preSolution
		Debug|Any CPU = Debug|Any CPU
		Release|Any CPU = Release|Any CPU
	EndGlobalSection
	GlobalSection(SolutionProperties) = preSolution
		HideSolutionNode = FALSE
	EndGlobalSection
	GlobalSection(ProjectConfigurationPlatforms) = postSolution
		{FA3BE2EA-5E4A-4B37-932F-41782964A150}.Debug|Any CPU.ActiveCfg = Debug|Any CPU
		{FA3BE2EA-5E4A-4B37-932F-41782964A150}.Debug|Any CPU.Build.0 = Debug|Any CPU
		{FA3BE2EA-5E4A-4B37-932F-41782964A150}.Release|Any CPU.ActiveCfg = Release|Any CPU
		{FA3BE2EA-5E4A-4B37-932F-41782964A150}.Release|Any CPU.Build.0 = Release|Any CPU
		{5F792703-1ADA-41DF-9F38-8E1CFB166188}.Debug|Any CPU.ActiveCfg = Debug|Any CPU
		{5F792703-1ADA-41DF-9F38-8E1CFB166188}.Debug|Any CPU.Build.0 = Debug|Any CPU
		{5F792703-1ADA-41DF-9F38-8E1CFB166188}.Release|Any CPU.ActiveCfg = Release|Any CPU
		{5F792703-1ADA-41DF-9F38-8E1CFB166188}.Release|Any CPU.Build.0 = Release|Any CPU
		{4799B75A-FA21-4C01-B737-8F4CD93944FF}.Debug|Any CPU.ActiveCfg = Debug|Any CPU
		{4799B75A-FA21-4C01-B737-8F4CD93944FF}.Debug|Any CPU.Build.0 = Debug|Any CPU
		{4799B75A-FA21-4C01-B737-8F4CD93944FF}.Release|Any CPU.ActiveCfg = Release|Any CPU
		{4799B75A-FA21-4C01-B737-8F4CD93944FF}.Release|Any CPU.Build.0 = Release|Any CPU
		{D92B3E88-199D-49F7-8B06-035E084DABC6}.Debug|Any CPU.ActiveCfg = Debug|Any CPU
		{D92B3E88-199D-49F7-8B06-035E084DABC6}.Debug|Any CPU.Build.0 = Debug|Any CPU
		{D92B3E88-199D-49F7-8B06-035E084DABC6}.Release|Any CPU.ActiveCfg = Release|Any CPU
		{D92B3E88-199D-49F7-8B06-035E084DABC6}.Release|Any CPU.Build.0 = Release|Any CPU
		{FC88725B-59F0-4908-B850-9EFC12CCE196}.Debug|Any CPU.ActiveCfg = Debug|Any CPU
		{FC88725B-59F0-4908-B850-9EFC12CCE196}.Debug|Any CPU.Build.0 = Debug|Any CPU
		{FC88725B-59F0-4908-B850-9EFC12CCE196}.Release|Any CPU.ActiveCfg = Release|Any CPU
		{FC88725B-59F0-4908-B850-9EFC12CCE196}.Release|Any CPU.Build.0 = Release|Any CPU
		{9A425925-ACD2-419D-8B90-12E901547C57}.Debug|Any CPU.ActiveCfg = Debug|Any CPU
		{9A425925-ACD2-419D-8B90-12E901547C57}.Debug|Any CPU.Build.0 = Debug|Any CPU
		{9A425925-ACD2-419D-8B90-12E901547C57}.Release|Any CPU.ActiveCfg = Release|Any CPU
		{9A425925-ACD2-419D-8B90-12E901547C57}.Release|Any CPU.Build.0 = Release|Any CPU
		{056DAD10-6EAE-4FA8-8ABE-FCDD7B7F05A8}.Debug|Any CPU.ActiveCfg = Debug|Any CPU
		{056DAD10-6EAE-4FA8-8ABE-FCDD7B7F05A8}.Debug|Any CPU.Build.0 = Debug|Any CPU
		{056DAD10-6EAE-4FA8-8ABE-FCDD7B7F05A8}.Release|Any CPU.ActiveCfg = Release|Any CPU
		{056DAD10-6EAE-4FA8-8ABE-FCDD7B7F05A8}.Release|Any CPU.Build.0 = Release|Any CPU
		{C738EF3C-0CAC-4018-BFCC-C7746DC38182}.Debug|Any CPU.ActiveCfg = Debug|Any CPU
		{C738EF3C-0CAC-4018-BFCC-C7746DC38182}.Debug|Any CPU.Build.0 = Debug|Any CPU
		{C738EF3C-0CAC-4018-BFCC-C7746DC38182}.Release|Any CPU.ActiveCfg = Release|Any CPU
		{C738EF3C-0CAC-4018-BFCC-C7746DC38182}.Release|Any CPU.Build.0 = Release|Any CPU
		{3E44C907-AF26-4275-9ED4-75C1CAF83FDD}.Debug|Any CPU.ActiveCfg = Debug|Any CPU
		{3E44C907-AF26-4275-9ED4-75C1CAF83FDD}.Debug|Any CPU.Build.0 = Debug|Any CPU
		{3E44C907-AF26-4275-9ED4-75C1CAF83FDD}.Release|Any CPU.ActiveCfg = Release|Any CPU
		{3E44C907-AF26-4275-9ED4-75C1CAF83FDD}.Release|Any CPU.Build.0 = Release|Any CPU
		{DDFF8B71-75FA-44E3-A4CA-284E49F56AEF}.Debug|Any CPU.ActiveCfg = Debug|Any CPU
		{DDFF8B71-75FA-44E3-A4CA-284E49F56AEF}.Debug|Any CPU.Build.0 = Debug|Any CPU
		{DDFF8B71-75FA-44E3-A4CA-284E49F56AEF}.Release|Any CPU.ActiveCfg = Release|Any CPU
		{DDFF8B71-75FA-44E3-A4CA-284E49F56AEF}.Release|Any CPU.Build.0 = Release|Any CPU
		{9F170F15-341A-4C1F-8AC8-9BC06CF2F706}.Debug|Any CPU.ActiveCfg = Debug|Any CPU
		{9F170F15-341A-4C1F-8AC8-9BC06CF2F706}.Debug|Any CPU.Build.0 = Debug|Any CPU
		{9F170F15-341A-4C1F-8AC8-9BC06CF2F706}.Release|Any CPU.ActiveCfg = Release|Any CPU
		{9F170F15-341A-4C1F-8AC8-9BC06CF2F706}.Release|Any CPU.Build.0 = Release|Any CPU
	EndGlobalSection
	GlobalSection(NestedProjects) = preSolution
		{D92B3E88-199D-49F7-8B06-035E084DABC6} = {0B0B50DC-59A5-4BED-98F9-FE4C47C32D4D}
		{FC88725B-59F0-4908-B850-9EFC12CCE196} = {0B0B50DC-59A5-4BED-98F9-FE4C47C32D4D}
		{9A425925-ACD2-419D-8B90-12E901547C57} = {0B0B50DC-59A5-4BED-98F9-FE4C47C32D4D}
		{056DAD10-6EAE-4FA8-8ABE-FCDD7B7F05A8} = {0B0B50DC-59A5-4BED-98F9-FE4C47C32D4D}
		{C738EF3C-0CAC-4018-BFCC-C7746DC38182} = {0B0B50DC-59A5-4BED-98F9-FE4C47C32D4D}
		{3E44C907-AF26-4275-9ED4-75C1CAF83FDD} = {0B0B50DC-59A5-4BED-98F9-FE4C47C32D4D}
		{DDFF8B71-75FA-44E3-A4CA-284E49F56AEF} = {0B0B50DC-59A5-4BED-98F9-FE4C47C32D4D}
		{9F170F15-341A-4C1F-8AC8-9BC06CF2F706} = {0B0B50DC-59A5-4BED-98F9-FE4C47C32D4D}
	EndGlobalSection
EndGlobal
